
Microsoft Visual Studio Solution File, Format Version 12.00
# Visual Studio Version 17
VisualStudioVersion = 17.0.31611.283
MinimumVisualStudioVersion = 10.0.40219.1
Project("{9A19103F-16F7-4668-BE54-9A1E7A4F7556}") = "Navigation", "Navigation\Navigation.csproj", "{9F407A79-36C1-4CE6-AAB3-A20588429B6C}"
EndProject
Project("{9A19103F-16F7-4668-BE54-9A1E7A4F7556}") = "PageBinding", "PageBinding\PageBinding.csproj", "{5E6B65B1-A598-461A-AD45-0081DE345246}"
EndProject
Project("{9A19103F-16F7-4668-BE54-9A1E7A4F7556}") = "MockedMode", "MockedMode\MockedMode.csproj", "{9DFD308B-C0E8-49A1-97AF-AD5AC1B0C2D6}"
EndProject
Project("{9A19103F-16F7-4668-BE54-9A1E7A4F7556}") = "ConditionalRender", "ConditionalRender\ConditionalRender.csproj", "{24C1D5A5-02CD-4315-95AC-8C1BFAEF3B1F}"
EndProject
Project("{9A19103F-16F7-4668-BE54-9A1E7A4F7556}") = "ReactiveCodeBehind", "ReactiveCodeBehind\ReactiveCodeBehind.csproj", "{D5E77C63-1A9D-4AB2-948F-049620FD991F}"
EndProject
Project("{9A19103F-16F7-4668-BE54-9A1E7A4F7556}") = "ContentViewComponents", "ContentViewComponents\ContentViewComponents.csproj", "{A11A43A3-D299-4A2B-AFE7-41474AF4889C}"
EndProject
Project("{9A19103F-16F7-4668-BE54-9A1E7A4F7556}") = "StyleClassesRock", "StyleClassesRock\StyleClassesRock.csproj", "{AFCD851A-CBE1-4740-B2BC-34727B398585}"
EndProject
Project("{9A19103F-16F7-4668-BE54-9A1E7A4F7556}") = "ResponsiveDesign", "ResponsiveDesign\ResponsiveDesign.csproj", "{2AFB95B8-733A-45CD-906E-689097248634}"
EndProject
Project("{FAE04EC0-301F-11D3-BF4B-00C04F79EFBC}") = "ContinuousDeployment", "ContinuousDeployment\ContinuousDeployment.csproj", "{26A80178-6C3E-48AC-A774-5E8AE0DE79B1}"
EndProject
Global
	GlobalSection(SolutionConfigurationPlatforms) = preSolution
		Debug|Any CPU = Debug|Any CPU
		Release|Any CPU = Release|Any CPU
	EndGlobalSection
	GlobalSection(ProjectConfigurationPlatforms) = postSolution
		{9F407A79-36C1-4CE6-AAB3-A20588429B6C}.Debug|Any CPU.ActiveCfg = Debug|Any CPU
		{9F407A79-36C1-4CE6-AAB3-A20588429B6C}.Debug|Any CPU.Build.0 = Debug|Any CPU
		{9F407A79-36C1-4CE6-AAB3-A20588429B6C}.Debug|Any CPU.Deploy.0 = Debug|Any CPU
		{9F407A79-36C1-4CE6-AAB3-A20588429B6C}.Release|Any CPU.ActiveCfg = Release|Any CPU
		{9F407A79-36C1-4CE6-AAB3-A20588429B6C}.Release|Any CPU.Build.0 = Release|Any CPU
		{9F407A79-36C1-4CE6-AAB3-A20588429B6C}.Release|Any CPU.Deploy.0 = Release|Any CPU
		{5E6B65B1-A598-461A-AD45-0081DE345246}.Debug|Any CPU.ActiveCfg = Debug|Any CPU
		{5E6B65B1-A598-461A-AD45-0081DE345246}.Debug|Any CPU.Build.0 = Debug|Any CPU
		{5E6B65B1-A598-461A-AD45-0081DE345246}.Debug|Any CPU.Deploy.0 = Debug|Any CPU
		{5E6B65B1-A598-461A-AD45-0081DE345246}.Release|Any CPU.ActiveCfg = Release|Any CPU
		{5E6B65B1-A598-461A-AD45-0081DE345246}.Release|Any CPU.Build.0 = Release|Any CPU
		{5E6B65B1-A598-461A-AD45-0081DE345246}.Release|Any CPU.Deploy.0 = Release|Any CPU
		{9DFD308B-C0E8-49A1-97AF-AD5AC1B0C2D6}.Debug|Any CPU.ActiveCfg = Debug|Any CPU
		{9DFD308B-C0E8-49A1-97AF-AD5AC1B0C2D6}.Debug|Any CPU.Build.0 = Debug|Any CPU
		{9DFD308B-C0E8-49A1-97AF-AD5AC1B0C2D6}.Debug|Any CPU.Deploy.0 = Debug|Any CPU
		{9DFD308B-C0E8-49A1-97AF-AD5AC1B0C2D6}.Release|Any CPU.ActiveCfg = Release|Any CPU
		{9DFD308B-C0E8-49A1-97AF-AD5AC1B0C2D6}.Release|Any CPU.Build.0 = Release|Any CPU
		{9DFD308B-C0E8-49A1-97AF-AD5AC1B0C2D6}.Release|Any CPU.Deploy.0 = Release|Any CPU
		{24C1D5A5-02CD-4315-95AC-8C1BFAEF3B1F}.Debug|Any CPU.ActiveCfg = Debug|Any CPU
		{24C1D5A5-02CD-4315-95AC-8C1BFAEF3B1F}.Debug|Any CPU.Build.0 = Debug|Any CPU
		{24C1D5A5-02CD-4315-95AC-8C1BFAEF3B1F}.Debug|Any CPU.Deploy.0 = Debug|Any CPU
		{24C1D5A5-02CD-4315-95AC-8C1BFAEF3B1F}.Release|Any CPU.ActiveCfg = Release|Any CPU
		{24C1D5A5-02CD-4315-95AC-8C1BFAEF3B1F}.Release|Any CPU.Build.0 = Release|Any CPU
		{24C1D5A5-02CD-4315-95AC-8C1BFAEF3B1F}.Release|Any CPU.Deploy.0 = Release|Any CPU
		{D5E77C63-1A9D-4AB2-948F-049620FD991F}.Debug|Any CPU.ActiveCfg = Debug|Any CPU
		{D5E77C63-1A9D-4AB2-948F-049620FD991F}.Debug|Any CPU.Build.0 = Debug|Any CPU
		{D5E77C63-1A9D-4AB2-948F-049620FD991F}.Debug|Any CPU.Deploy.0 = Debug|Any CPU
		{D5E77C63-1A9D-4AB2-948F-049620FD991F}.Release|Any CPU.ActiveCfg = Release|Any CPU
		{D5E77C63-1A9D-4AB2-948F-049620FD991F}.Release|Any CPU.Build.0 = Release|Any CPU
		{D5E77C63-1A9D-4AB2-948F-049620FD991F}.Release|Any CPU.Deploy.0 = Release|Any CPU
		{A11A43A3-D299-4A2B-AFE7-41474AF4889C}.Debug|Any CPU.ActiveCfg = Debug|Any CPU
		{A11A43A3-D299-4A2B-AFE7-41474AF4889C}.Debug|Any CPU.Build.0 = Debug|Any CPU
		{A11A43A3-D299-4A2B-AFE7-41474AF4889C}.Debug|Any CPU.Deploy.0 = Debug|Any CPU
		{A11A43A3-D299-4A2B-AFE7-41474AF4889C}.Release|Any CPU.ActiveCfg = Release|Any CPU
		{A11A43A3-D299-4A2B-AFE7-41474AF4889C}.Release|Any CPU.Build.0 = Release|Any CPU
		{A11A43A3-D299-4A2B-AFE7-41474AF4889C}.Release|Any CPU.Deploy.0 = Release|Any CPU
		{AFCD851A-CBE1-4740-B2BC-34727B398585}.Debug|Any CPU.ActiveCfg = Debug|Any CPU
		{AFCD851A-CBE1-4740-B2BC-34727B398585}.Debug|Any CPU.Build.0 = Debug|Any CPU
		{AFCD851A-CBE1-4740-B2BC-34727B398585}.Debug|Any CPU.Deploy.0 = Debug|Any CPU
		{AFCD851A-CBE1-4740-B2BC-34727B398585}.Release|Any CPU.ActiveCfg = Release|Any CPU
		{AFCD851A-CBE1-4740-B2BC-34727B398585}.Release|Any CPU.Build.0 = Release|Any CPU
		{AFCD851A-CBE1-4740-B2BC-34727B398585}.Release|Any CPU.Deploy.0 = Release|Any CPU
		{2AFB95B8-733A-45CD-906E-689097248634}.Debug|Any CPU.ActiveCfg = Debug|Any CPU
		{2AFB95B8-733A-45CD-906E-689097248634}.Debug|Any CPU.Build.0 = Debug|Any CPU
		{2AFB95B8-733A-45CD-906E-689097248634}.Debug|Any CPU.Deploy.0 = Debug|Any CPU
		{2AFB95B8-733A-45CD-906E-689097248634}.Release|Any CPU.ActiveCfg = Release|Any CPU
		{2AFB95B8-733A-45CD-906E-689097248634}.Release|Any CPU.Build.0 = Release|Any CPU
		{2AFB95B8-733A-45CD-906E-689097248634}.Release|Any CPU.Deploy.0 = Release|Any CPU
		{26A80178-6C3E-48AC-A774-5E8AE0DE79B1}.Debug|Any CPU.ActiveCfg = Debug|Any CPU
		{26A80178-6C3E-48AC-A774-5E8AE0DE79B1}.Debug|Any CPU.Build.0 = Debug|Any CPU
		{26A80178-6C3E-48AC-A774-5E8AE0DE79B1}.Debug|Any CPU.Deploy.0 = Debug|Any CPU
		{26A80178-6C3E-48AC-A774-5E8AE0DE79B1}.Release|Any CPU.ActiveCfg = Release|Any CPU
		{26A80178-6C3E-48AC-A774-5E8AE0DE79B1}.Release|Any CPU.Build.0 = Release|Any CPU
		{26A80178-6C3E-48AC-A774-5E8AE0DE79B1}.Release|Any CPU.Deploy.0 = Release|Any CPU
	EndGlobalSection
	GlobalSection(SolutionProperties) = preSolution
		HideSolutionNode = FALSE
	EndGlobalSection
	GlobalSection(ExtensibilityGlobals) = postSolution
		SolutionGuid = {61F7FB11-1E47-470C-91E2-47F8143E1572}
	EndGlobalSection
EndGlobal
